
Microsoft Visual Studio Solution File, Format Version 12.00
# Visual Studio Version 16
VisualStudioVersion = 16.0.29920.165
MinimumVisualStudioVersion = 10.0.40219.1
Project("{9A19103F-16F7-4668-BE54-9A1E7A4F7556}") = "EntertainmentAPI", "EntertainmentAPI\EntertainmentAPI.csproj", "{7EE6A6D8-3E40-4ADD-8F98-8D3A0B2400DD}"
EndProject
Project("{2150E333-8FDC-42A3-9474-1A3956D46DE8}") = "DBScripts", "DBScripts", "{D7271532-AAB8-46CB-B390-E46E9183E23B}"
	ProjectSection(SolutionItems) = preProject
		.filenesting.json = .filenesting.json
		DBScrits.txt = DBScrits.txt
	EndProjectSection
EndProject
Project("{00D1A9C2-B5F0-4AF3-8072-F6C62B433612}") = "Database1", "Database1\Database1.sqlproj", "{1080BCE0-8EC2-48F2-AAAF-AEF2D242C5CE}"
EndProject
Global
	GlobalSection(SolutionConfigurationPlatforms) = preSolution
		Debug|Any CPU = Debug|Any CPU
		Release|Any CPU = Release|Any CPU
	EndGlobalSection
	GlobalSection(ProjectConfigurationPlatforms) = postSolution
		{7EE6A6D8-3E40-4ADD-8F98-8D3A0B2400DD}.Debug|Any CPU.ActiveCfg = Debug|Any CPU
		{7EE6A6D8-3E40-4ADD-8F98-8D3A0B2400DD}.Debug|Any CPU.Build.0 = Debug|Any CPU
		{7EE6A6D8-3E40-4ADD-8F98-8D3A0B2400DD}.Release|Any CPU.ActiveCfg = Release|Any CPU
		{7EE6A6D8-3E40-4ADD-8F98-8D3A0B2400DD}.Release|Any CPU.Build.0 = Release|Any CPU
		{1080BCE0-8EC2-48F2-AAAF-AEF2D242C5CE}.Debug|Any CPU.ActiveCfg = Debug|Any CPU
		{1080BCE0-8EC2-48F2-AAAF-AEF2D242C5CE}.Debug|Any CPU.Build.0 = Debug|Any CPU
		{1080BCE0-8EC2-48F2-AAAF-AEF2D242C5CE}.Debug|Any CPU.Deploy.0 = Debug|Any CPU
		{1080BCE0-8EC2-48F2-AAAF-AEF2D242C5CE}.Release|Any CPU.ActiveCfg = Release|Any CPU
		{1080BCE0-8EC2-48F2-AAAF-AEF2D242C5CE}.Release|Any CPU.Build.0 = Release|Any CPU
		{1080BCE0-8EC2-48F2-AAAF-AEF2D242C5CE}.Release|Any CPU.Deploy.0 = Release|Any CPU
	EndGlobalSection
	GlobalSection(SolutionProperties) = preSolution
		HideSolutionNode = FALSE
	EndGlobalSection
	GlobalSection(NestedProjects) = preSolution
		{1080BCE0-8EC2-48F2-AAAF-AEF2D242C5CE} = {D7271532-AAB8-46CB-B390-E46E9183E23B}
	EndGlobalSection
	GlobalSection(ExtensibilityGlobals) = postSolution
		SolutionGuid = {2256078C-337E-4F9C-B649-55F05E876EE6}
	EndGlobalSection
EndGlobal
